
Microsoft Visual Studio Solution File, Format Version 12.00
# Visual Studio 15
VisualStudioVersion = 15.0.27428.2002
MinimumVisualStudioVersion = 10.0.40219.1
Project("{8BC9CEB8-8B4A-11D0-8D11-00A0C91BC942}") = "sjjgzc", "sjjgzc\sjjgzc.vcxproj", "{2DECBDCF-909B-438E-8074-6DA2D13AF6EC}"
EndProject
Project("{8BC9CEB8-8B4A-11D0-8D11-00A0C91BC942}") = "sjjg1_test", "sjjg1_test\sjjg1_test.vcxproj", "{3FA1FD87-C466-49C0-ACFA-A23193D78172}"
EndProject
Project("{8BC9CEB8-8B4A-11D0-8D11-00A0C91BC942}") = "polynomial", "polynomial\polynomial.vcxproj", "{E992C021-9646-4103-98D6-94E2C7CAB48B}"
EndProject
Project("{8BC9CEB8-8B4A-11D0-8D11-00A0C91BC942}") = "The_largest_subcolumn_summation", "The_largest_subcolumn_summation\The_largest_subcolumn_summation.vcxproj", "{953AE16A-C4A4-401F-90C0-7A75C2541ECF}"
EndProject
Project("{8BC9CEB8-8B4A-11D0-8D11-00A0C91BC942}") = "Maximum_Subsequence_Sum", "Maximum_Subsequence_Sum\Maximum_Subsequence_Sum.vcxproj", "{E15EAD6F-163D-411C-8E9B-135FDE516872}"
EndProject
Project("{8BC9CEB8-8B4A-11D0-8D11-00A0C91BC942}") = "Polynomial_add_mul", "Polynomial_add_mul\Polynomial_add_mul.vcxproj", "{A110A126-03B4-4BCB-BC24-B7FD46079101}"
EndProject
Project("{8BC9CEB8-8B4A-11D0-8D11-00A0C91BC942}") = "Reversing_Linked_List", "Reversing_Linked_List\Reversing_Linked_List.vcxproj", "{92797A42-0D41-4E19-ABCF-D6963CB73568}"
EndProject
Project("{8BC9CEB8-8B4A-11D0-8D11-00A0C91BC942}") = "Pop_Sequence", "Pop_Sequence\Pop_Sequence.vcxproj", "{12706129-57D7-4679-9275-50962416D839}"
EndProject
Project("{8BC9CEB8-8B4A-11D0-8D11-00A0C91BC942}") = "Traverse_Binary_Tree", "Traverse_Binary_Tree\Traverse_Binary_Tree.vcxproj", "{A9C2AE21-2BCD-4A34-8B03-5A033245A0F8}"
EndProject
Project("{8BC9CEB8-8B4A-11D0-8D11-00A0C91BC942}") = "Isomorphism", "Isomorphism\Isomorphism.vcxproj", "{E6B6FCFF-CDD4-4936-925D-1CFB54057F94}"
EndProject
Project("{8BC9CEB8-8B4A-11D0-8D11-00A0C91BC942}") = "asd", "asd\asd.vcxproj", "{32AA39A1-906D-4E9E-ADD5-E02BFB41AEF6}"
EndProject
Project("{8BC9CEB8-8B4A-11D0-8D11-00A0C91BC942}") = "List_Leaves", "List_Leaves\List_Leaves.vcxproj", "{DA1F3F65-08DE-4E10-9A63-76734BBC7EE6}"
EndProject
Project("{8BC9CEB8-8B4A-11D0-8D11-00A0C91BC942}") = "Tree_Traversals_Again", "Tree_Traversals_Again\Tree_Traversals_Again.vcxproj", "{3238B90B-9D1A-49A9-8D51-7215B34481E3}"
EndProject
Project("{8BC9CEB8-8B4A-11D0-8D11-00A0C91BC942}") = "AVL", "AVL\AVL.vcxproj", "{1E2A69FA-6EDB-40EA-BC52-952BFE7D2A0E}"
EndProject
Project("{8BC9CEB8-8B4A-11D0-8D11-00A0C91BC942}") = "IS_Same_Binary_Search_Tree", "IS_Same_Binary_Search_Tree\IS_Same_Binary_Search_Tree.vcxproj", "{2E34B6B6-8E64-4EF4-B7BF-E2AA14409597}"
EndProject
Project("{8BC9CEB8-8B4A-11D0-8D11-00A0C91BC942}") = "Heap", "Heap\Heap.vcxproj", "{82E6931F-4A12-4A81-A4CB-2DE5CFF2114E}"
EndProject
Project("{8BC9CEB8-8B4A-11D0-8D11-00A0C91BC942}") = "Heap_Path", "Heap_Path\Heap_Path.vcxproj", "{33F5C4E1-4972-465A-BAC9-E70D91E97836}"
EndProject
Project("{8BC9CEB8-8B4A-11D0-8D11-00A0C91BC942}") = "Graph_Matrix", "Graph_Matrix\Graph_Matrix.vcxproj", "{A90D7012-F2B7-4313-B97B-7F0AAE6B33E8}"
EndProject
Project("{8BC9CEB8-8B4A-11D0-8D11-00A0C91BC942}") = "Graph_List", "Graph_List\Graph_List.vcxproj", "{EF9A0297-8AA8-4BF1-82B0-1E200D020B64}"
EndProject
Project("{8BC9CEB8-8B4A-11D0-8D11-00A0C91BC942}") = "Union_Set", "Union_Set\Union_Set.vcxproj", "{225C76E9-85D7-4266-AC12-C3E105333BF8}"
EndProject
Project("{8BC9CEB8-8B4A-11D0-8D11-00A0C91BC942}") = "List_Connection", "List_Connection\List_Connection.vcxproj", "{1807A76C-4ABA-4DF3-8E88-7688E41C3D41}"
EndProject
Global
	GlobalSection(SolutionConfigurationPlatforms) = preSolution
		Debug|x64 = Debug|x64
		Debug|x86 = Debug|x86
		Release|x64 = Release|x64
		Release|x86 = Release|x86
	EndGlobalSection
	GlobalSection(ProjectConfigurationPlatforms) = postSolution
		{2DECBDCF-909B-438E-8074-6DA2D13AF6EC}.Debug|x64.ActiveCfg = Debug|x64
		{2DECBDCF-909B-438E-8074-6DA2D13AF6EC}.Debug|x64.Build.0 = Debug|x64
		{2DECBDCF-909B-438E-8074-6DA2D13AF6EC}.Debug|x86.ActiveCfg = Debug|Win32
		{2DECBDCF-909B-438E-8074-6DA2D13AF6EC}.Debug|x86.Build.0 = Debug|Win32
		{2DECBDCF-909B-438E-8074-6DA2D13AF6EC}.Release|x64.ActiveCfg = Release|x64
		{2DECBDCF-909B-438E-8074-6DA2D13AF6EC}.Release|x64.Build.0 = Release|x64
		{2DECBDCF-909B-438E-8074-6DA2D13AF6EC}.Release|x86.ActiveCfg = Release|Win32
		{2DECBDCF-909B-438E-8074-6DA2D13AF6EC}.Release|x86.Build.0 = Release|Win32
		{3FA1FD87-C466-49C0-ACFA-A23193D78172}.Debug|x64.ActiveCfg = Debug|x64
		{3FA1FD87-C466-49C0-ACFA-A23193D78172}.Debug|x64.Build.0 = Debug|x64
		{3FA1FD87-C466-49C0-ACFA-A23193D78172}.Debug|x86.ActiveCfg = Debug|Win32
		{3FA1FD87-C466-49C0-ACFA-A23193D78172}.Debug|x86.Build.0 = Debug|Win32
		{3FA1FD87-C466-49C0-ACFA-A23193D78172}.Release|x64.ActiveCfg = Release|x64
		{3FA1FD87-C466-49C0-ACFA-A23193D78172}.Release|x64.Build.0 = Release|x64
		{3FA1FD87-C466-49C0-ACFA-A23193D78172}.Release|x86.ActiveCfg = Release|Win32
		{3FA1FD87-C466-49C0-ACFA-A23193D78172}.Release|x86.Build.0 = Release|Win32
		{E992C021-9646-4103-98D6-94E2C7CAB48B}.Debug|x64.ActiveCfg = Debug|x64
		{E992C021-9646-4103-98D6-94E2C7CAB48B}.Debug|x64.Build.0 = Debug|x64
		{E992C021-9646-4103-98D6-94E2C7CAB48B}.Debug|x86.ActiveCfg = Debug|Win32
		{E992C021-9646-4103-98D6-94E2C7CAB48B}.Debug|x86.Build.0 = Debug|Win32
		{E992C021-9646-4103-98D6-94E2C7CAB48B}.Release|x64.ActiveCfg = Release|x64
		{E992C021-9646-4103-98D6-94E2C7CAB48B}.Release|x64.Build.0 = Release|x64
		{E992C021-9646-4103-98D6-94E2C7CAB48B}.Release|x86.ActiveCfg = Release|Win32
		{E992C021-9646-4103-98D6-94E2C7CAB48B}.Release|x86.Build.0 = Release|Win32
		{953AE16A-C4A4-401F-90C0-7A75C2541ECF}.Debug|x64.ActiveCfg = Debug|x64
		{953AE16A-C4A4-401F-90C0-7A75C2541ECF}.Debug|x64.Build.0 = Debug|x64
		{953AE16A-C4A4-401F-90C0-7A75C2541ECF}.Debug|x86.ActiveCfg = Debug|Win32
		{953AE16A-C4A4-401F-90C0-7A75C2541ECF}.Debug|x86.Build.0 = Debug|Win32
		{953AE16A-C4A4-401F-90C0-7A75C2541ECF}.Release|x64.ActiveCfg = Release|x64
		{953AE16A-C4A4-401F-90C0-7A75C2541ECF}.Release|x64.Build.0 = Release|x64
		{953AE16A-C4A4-401F-90C0-7A75C2541ECF}.Release|x86.ActiveCfg = Release|Win32
		{953AE16A-C4A4-401F-90C0-7A75C2541ECF}.Release|x86.Build.0 = Release|Win32
		{E15EAD6F-163D-411C-8E9B-135FDE516872}.Debug|x64.ActiveCfg = Debug|x64
		{E15EAD6F-163D-411C-8E9B-135FDE516872}.Debug|x64.Build.0 = Debug|x64
		{E15EAD6F-163D-411C-8E9B-135FDE516872}.Debug|x86.ActiveCfg = Debug|Win32
		{E15EAD6F-163D-411C-8E9B-135FDE516872}.Debug|x86.Build.0 = Debug|Win32
		{E15EAD6F-163D-411C-8E9B-135FDE516872}.Release|x64.ActiveCfg = Release|x64
		{E15EAD6F-163D-411C-8E9B-135FDE516872}.Release|x64.Build.0 = Release|x64
		{E15EAD6F-163D-411C-8E9B-135FDE516872}.Release|x86.ActiveCfg = Release|Win32
		{E15EAD6F-163D-411C-8E9B-135FDE516872}.Release|x86.Build.0 = Release|Win32
		{A110A126-03B4-4BCB-BC24-B7FD46079101}.Debug|x64.ActiveCfg = Debug|x64
		{A110A126-03B4-4BCB-BC24-B7FD46079101}.Debug|x64.Build.0 = Debug|x64
		{A110A126-03B4-4BCB-BC24-B7FD46079101}.Debug|x86.ActiveCfg = Debug|Win32
		{A110A126-03B4-4BCB-BC24-B7FD46079101}.Debug|x86.Build.0 = Debug|Win32
		{A110A126-03B4-4BCB-BC24-B7FD46079101}.Release|x64.ActiveCfg = Release|x64
		{A110A126-03B4-4BCB-BC24-B7FD46079101}.Release|x64.Build.0 = Release|x64
		{A110A126-03B4-4BCB-BC24-B7FD46079101}.Release|x86.ActiveCfg = Release|Win32
		{A110A126-03B4-4BCB-BC24-B7FD46079101}.Release|x86.Build.0 = Release|Win32
		{92797A42-0D41-4E19-ABCF-D6963CB73568}.Debug|x64.ActiveCfg = Debug|x64
		{92797A42-0D41-4E19-ABCF-D6963CB73568}.Debug|x64.Build.0 = Debug|x64
		{92797A42-0D41-4E19-ABCF-D6963CB73568}.Debug|x86.ActiveCfg = Debug|Win32
		{92797A42-0D41-4E19-ABCF-D6963CB73568}.Debug|x86.Build.0 = Debug|Win32
		{92797A42-0D41-4E19-ABCF-D6963CB73568}.Release|x64.ActiveCfg = Release|x64
		{92797A42-0D41-4E19-ABCF-D6963CB73568}.Release|x64.Build.0 = Release|x64
		{92797A42-0D41-4E19-ABCF-D6963CB73568}.Release|x86.ActiveCfg = Release|Win32
		{92797A42-0D41-4E19-ABCF-D6963CB73568}.Release|x86.Build.0 = Release|Win32
		{12706129-57D7-4679-9275-50962416D839}.Debug|x64.ActiveCfg = Debug|x64
		{12706129-57D7-4679-9275-50962416D839}.Debug|x64.Build.0 = Debug|x64
		{12706129-57D7-4679-9275-50962416D839}.Debug|x86.ActiveCfg = Debug|Win32
		{12706129-57D7-4679-9275-50962416D839}.Debug|x86.Build.0 = Debug|Win32
		{12706129-57D7-4679-9275-50962416D839}.Release|x64.ActiveCfg = Release|x64
		{12706129-57D7-4679-9275-50962416D839}.Release|x64.Build.0 = Release|x64
		{12706129-57D7-4679-9275-50962416D839}.Release|x86.ActiveCfg = Release|Win32
		{12706129-57D7-4679-9275-50962416D839}.Release|x86.Build.0 = Release|Win32
		{A9C2AE21-2BCD-4A34-8B03-5A033245A0F8}.Debug|x64.ActiveCfg = Debug|x64
		{A9C2AE21-2BCD-4A34-8B03-5A033245A0F8}.Debug|x64.Build.0 = Debug|x64
		{A9C2AE21-2BCD-4A34-8B03-5A033245A0F8}.Debug|x86.ActiveCfg = Debug|Win32
		{A9C2AE21-2BCD-4A34-8B03-5A033245A0F8}.Debug|x86.Build.0 = Debug|Win32
		{A9C2AE21-2BCD-4A34-8B03-5A033245A0F8}.Release|x64.ActiveCfg = Release|x64
		{A9C2AE21-2BCD-4A34-8B03-5A033245A0F8}.Release|x64.Build.0 = Release|x64
		{A9C2AE21-2BCD-4A34-8B03-5A033245A0F8}.Release|x86.ActiveCfg = Release|Win32
		{A9C2AE21-2BCD-4A34-8B03-5A033245A0F8}.Release|x86.Build.0 = Release|Win32
		{E6B6FCFF-CDD4-4936-925D-1CFB54057F94}.Debug|x64.ActiveCfg = Debug|x64
		{E6B6FCFF-CDD4-4936-925D-1CFB54057F94}.Debug|x64.Build.0 = Debug|x64
		{E6B6FCFF-CDD4-4936-925D-1CFB54057F94}.Debug|x86.ActiveCfg = Debug|Win32
		{E6B6FCFF-CDD4-4936-925D-1CFB54057F94}.Debug|x86.Build.0 = Debug|Win32
		{E6B6FCFF-CDD4-4936-925D-1CFB54057F94}.Release|x64.ActiveCfg = Release|x64
		{E6B6FCFF-CDD4-4936-925D-1CFB54057F94}.Release|x64.Build.0 = Release|x64
		{E6B6FCFF-CDD4-4936-925D-1CFB54057F94}.Release|x86.ActiveCfg = Release|Win32
		{E6B6FCFF-CDD4-4936-925D-1CFB54057F94}.Release|x86.Build.0 = Release|Win32
		{32AA39A1-906D-4E9E-ADD5-E02BFB41AEF6}.Debug|x64.ActiveCfg = Debug|x64
		{32AA39A1-906D-4E9E-ADD5-E02BFB41AEF6}.Debug|x64.Build.0 = Debug|x64
		{32AA39A1-906D-4E9E-ADD5-E02BFB41AEF6}.Debug|x86.ActiveCfg = Debug|Win32
		{32AA39A1-906D-4E9E-ADD5-E02BFB41AEF6}.Debug|x86.Build.0 = Debug|Win32
		{32AA39A1-906D-4E9E-ADD5-E02BFB41AEF6}.Release|x64.ActiveCfg = Release|x64
		{32AA39A1-906D-4E9E-ADD5-E02BFB41AEF6}.Release|x64.Build.0 = Release|x64
		{32AA39A1-906D-4E9E-ADD5-E02BFB41AEF6}.Release|x86.ActiveCfg = Release|Win32
		{32AA39A1-906D-4E9E-ADD5-E02BFB41AEF6}.Release|x86.Build.0 = Release|Win32
		{DA1F3F65-08DE-4E10-9A63-76734BBC7EE6}.Debug|x64.ActiveCfg = Debug|x64
		{DA1F3F65-08DE-4E10-9A63-76734BBC7EE6}.Debug|x64.Build.0 = Debug|x64
		{DA1F3F65-08DE-4E10-9A63-76734BBC7EE6}.Debug|x86.ActiveCfg = Debug|Win32
		{DA1F3F65-08DE-4E10-9A63-76734BBC7EE6}.Debug|x86.Build.0 = Debug|Win32
		{DA1F3F65-08DE-4E10-9A63-76734BBC7EE6}.Release|x64.ActiveCfg = Release|x64
		{DA1F3F65-08DE-4E10-9A63-76734BBC7EE6}.Release|x64.Build.0 = Release|x64
		{DA1F3F65-08DE-4E10-9A63-76734BBC7EE6}.Release|x86.ActiveCfg = Release|Win32
		{DA1F3F65-08DE-4E10-9A63-76734BBC7EE6}.Release|x86.Build.0 = Release|Win32
		{3238B90B-9D1A-49A9-8D51-7215B34481E3}.Debug|x64.ActiveCfg = Debug|x64
		{3238B90B-9D1A-49A9-8D51-7215B34481E3}.Debug|x64.Build.0 = Debug|x64
		{3238B90B-9D1A-49A9-8D51-7215B34481E3}.Debug|x86.ActiveCfg = Debug|Win32
		{3238B90B-9D1A-49A9-8D51-7215B34481E3}.Debug|x86.Build.0 = Debug|Win32
		{3238B90B-9D1A-49A9-8D51-7215B34481E3}.Release|x64.ActiveCfg = Release|x64
		{3238B90B-9D1A-49A9-8D51-7215B34481E3}.Release|x64.Build.0 = Release|x64
		{3238B90B-9D1A-49A9-8D51-7215B34481E3}.Release|x86.ActiveCfg = Release|Win32
		{3238B90B-9D1A-49A9-8D51-7215B34481E3}.Release|x86.Build.0 = Release|Win32
		{1E2A69FA-6EDB-40EA-BC52-952BFE7D2A0E}.Debug|x64.ActiveCfg = Debug|x64
		{1E2A69FA-6EDB-40EA-BC52-952BFE7D2A0E}.Debug|x64.Build.0 = Debug|x64
		{1E2A69FA-6EDB-40EA-BC52-952BFE7D2A0E}.Debug|x86.ActiveCfg = Debug|Win32
		{1E2A69FA-6EDB-40EA-BC52-952BFE7D2A0E}.Debug|x86.Build.0 = Debug|Win32
		{1E2A69FA-6EDB-40EA-BC52-952BFE7D2A0E}.Release|x64.ActiveCfg = Release|x64
		{1E2A69FA-6EDB-40EA-BC52-952BFE7D2A0E}.Release|x64.Build.0 = Release|x64
		{1E2A69FA-6EDB-40EA-BC52-952BFE7D2A0E}.Release|x86.ActiveCfg = Release|Win32
		{1E2A69FA-6EDB-40EA-BC52-952BFE7D2A0E}.Release|x86.Build.0 = Release|Win32
		{2E34B6B6-8E64-4EF4-B7BF-E2AA14409597}.Debug|x64.ActiveCfg = Debug|x64
		{2E34B6B6-8E64-4EF4-B7BF-E2AA14409597}.Debug|x64.Build.0 = Debug|x64
		{2E34B6B6-8E64-4EF4-B7BF-E2AA14409597}.Debug|x86.ActiveCfg = Debug|Win32
		{2E34B6B6-8E64-4EF4-B7BF-E2AA14409597}.Debug|x86.Build.0 = Debug|Win32
		{2E34B6B6-8E64-4EF4-B7BF-E2AA14409597}.Release|x64.ActiveCfg = Release|x64
		{2E34B6B6-8E64-4EF4-B7BF-E2AA14409597}.Release|x64.Build.0 = Release|x64
		{2E34B6B6-8E64-4EF4-B7BF-E2AA14409597}.Release|x86.ActiveCfg = Release|Win32
		{2E34B6B6-8E64-4EF4-B7BF-E2AA14409597}.Release|x86.Build.0 = Release|Win32
		{82E6931F-4A12-4A81-A4CB-2DE5CFF2114E}.Debug|x64.ActiveCfg = Debug|x64
		{82E6931F-4A12-4A81-A4CB-2DE5CFF2114E}.Debug|x64.Build.0 = Debug|x64
		{82E6931F-4A12-4A81-A4CB-2DE5CFF2114E}.Debug|x86.ActiveCfg = Debug|Win32
		{82E6931F-4A12-4A81-A4CB-2DE5CFF2114E}.Debug|x86.Build.0 = Debug|Win32
		{82E6931F-4A12-4A81-A4CB-2DE5CFF2114E}.Release|x64.ActiveCfg = Release|x64
		{82E6931F-4A12-4A81-A4CB-2DE5CFF2114E}.Release|x64.Build.0 = Release|x64
		{82E6931F-4A12-4A81-A4CB-2DE5CFF2114E}.Release|x86.ActiveCfg = Release|Win32
		{82E6931F-4A12-4A81-A4CB-2DE5CFF2114E}.Release|x86.Build.0 = Release|Win32
		{33F5C4E1-4972-465A-BAC9-E70D91E97836}.Debug|x64.ActiveCfg = Debug|x64
		{33F5C4E1-4972-465A-BAC9-E70D91E97836}.Debug|x64.Build.0 = Debug|x64
		{33F5C4E1-4972-465A-BAC9-E70D91E97836}.Debug|x86.ActiveCfg = Debug|Win32
		{33F5C4E1-4972-465A-BAC9-E70D91E97836}.Debug|x86.Build.0 = Debug|Win32
		{33F5C4E1-4972-465A-BAC9-E70D91E97836}.Release|x64.ActiveCfg = Release|x64
		{33F5C4E1-4972-465A-BAC9-E70D91E97836}.Release|x64.Build.0 = Release|x64
		{33F5C4E1-4972-465A-BAC9-E70D91E97836}.Release|x86.ActiveCfg = Release|Win32
		{33F5C4E1-4972-465A-BAC9-E70D91E97836}.Release|x86.Build.0 = Release|Win32
		{A90D7012-F2B7-4313-B97B-7F0AAE6B33E8}.Debug|x64.ActiveCfg = Debug|x64
		{A90D7012-F2B7-4313-B97B-7F0AAE6B33E8}.Debug|x64.Build.0 = Debug|x64
		{A90D7012-F2B7-4313-B97B-7F0AAE6B33E8}.Debug|x86.ActiveCfg = Debug|Win32
		{A90D7012-F2B7-4313-B97B-7F0AAE6B33E8}.Debug|x86.Build.0 = Debug|Win32
		{A90D7012-F2B7-4313-B97B-7F0AAE6B33E8}.Release|x64.ActiveCfg = Release|x64
		{A90D7012-F2B7-4313-B97B-7F0AAE6B33E8}.Release|x64.Build.0 = Release|x64
		{A90D7012-F2B7-4313-B97B-7F0AAE6B33E8}.Release|x86.ActiveCfg = Release|Win32
		{A90D7012-F2B7-4313-B97B-7F0AAE6B33E8}.Release|x86.Build.0 = Release|Win32
		{EF9A0297-8AA8-4BF1-82B0-1E200D020B64}.Debug|x64.ActiveCfg = Debug|x64
		{EF9A0297-8AA8-4BF1-82B0-1E200D020B64}.Debug|x64.Build.0 = Debug|x64
		{EF9A0297-8AA8-4BF1-82B0-1E200D020B64}.Debug|x86.ActiveCfg = Debug|Win32
		{EF9A0297-8AA8-4BF1-82B0-1E200D020B64}.Debug|x86.Build.0 = Debug|Win32
		{EF9A0297-8AA8-4BF1-82B0-1E200D020B64}.Release|x64.ActiveCfg = Release|x64
		{EF9A0297-8AA8-4BF1-82B0-1E200D020B64}.Release|x64.Build.0 = Release|x64
		{EF9A0297-8AA8-4BF1-82B0-1E200D020B64}.Release|x86.ActiveCfg = Release|Win32
		{EF9A0297-8AA8-4BF1-82B0-1E200D020B64}.Release|x86.Build.0 = Release|Win32
		{225C76E9-85D7-4266-AC12-C3E105333BF8}.Debug|x64.ActiveCfg = Debug|x64
		{225C76E9-85D7-4266-AC12-C3E105333BF8}.Debug|x64.Build.0 = Debug|x64
		{225C76E9-85D7-4266-AC12-C3E105333BF8}.Debug|x86.ActiveCfg = Debug|Win32
		{225C76E9-85D7-4266-AC12-C3E105333BF8}.Debug|x86.Build.0 = Debug|Win32
		{225C76E9-85D7-4266-AC12-C3E105333BF8}.Release|x64.ActiveCfg = Release|x64
		{225C76E9-85D7-4266-AC12-C3E105333BF8}.Release|x64.Build.0 = Release|x64
		{225C76E9-85D7-4266-AC12-C3E105333BF8}.Release|x86.ActiveCfg = Release|Win32
		{225C76E9-85D7-4266-AC12-C3E105333BF8}.Release|x86.Build.0 = Release|Win32
		{1807A76C-4ABA-4DF3-8E88-7688E41C3D41}.Debug|x64.ActiveCfg = Debug|x64
		{1807A76C-4ABA-4DF3-8E88-7688E41C3D41}.Debug|x64.Build.0 = Debug|x64
		{1807A76C-4ABA-4DF3-8E88-7688E41C3D41}.Debug|x86.ActiveCfg = Debug|Win32
		{1807A76C-4ABA-4DF3-8E88-7688E41C3D41}.Debug|x86.Build.0 = Debug|Win32
		{1807A76C-4ABA-4DF3-8E88-7688E41C3D41}.Release|x64.ActiveCfg = Release|x64
		{1807A76C-4ABA-4DF3-8E88-7688E41C3D41}.Release|x64.Build.0 = Release|x64
		{1807A76C-4ABA-4DF3-8E88-7688E41C3D41}.Release|x86.ActiveCfg = Release|Win32
		{1807A76C-4ABA-4DF3-8E88-7688E41C3D41}.Release|x86.Build.0 = Release|Win32
	EndGlobalSection
	GlobalSection(SolutionProperties) = preSolution
		HideSolutionNode = FALSE
	EndGlobalSection
	GlobalSection(ExtensibilityGlobals) = postSolution
		SolutionGuid = {2A0B0AB6-1D1F-4D5B-B071-D45A3D490CBE}
	EndGlobalSection
EndGlobal
